
Microsoft Visual Studio Solution File, Format Version 12.00
# Visual Studio Version 17
VisualStudioVersion = 17.13.35931.197
MinimumVisualStudioVersion = 10.0.40219.1
Project("{2150E333-8FDC-42A3-9474-1A3956D46DE8}") = "FrontEnd", "FrontEnd", "{02EA681E-C7D8-13C7-8484-4AC65E1B71E8}"
EndProject
Project("{2150E333-8FDC-42A3-9474-1A3956D46DE8}") = "Services", "Services", "{43C22D6E-168C-4BEF-A27C-1AC1E556C4DC}"
EndProject
Project("{FAE04EC0-301F-11D3-BF4B-00C04F79EFBC}") = "GeekShopping.Web", "GeekShopping.Web\GeekShopping.Web.csproj", "{D6204DCD-3A8B-4AE7-8A89-E8BB8B1B418C}"
EndProject
Project("{FAE04EC0-301F-11D3-BF4B-00C04F79EFBC}") = "GeekShopping.ProductAPI", "GeekShopping.ProductAPI\GeekShopping.ProductAPI.csproj", "{002B5868-ADAE-4608-9380-C36F522ACDCA}"
EndProject
Project("{FAE04EC0-301F-11D3-BF4B-00C04F79EFBC}") = "GeekShopping.IdentityServer", "GeekShopping.IdentityServer\GeekShopping.IdentityServer.csproj", "{C3F6FD2E-1E97-4311-AF63-CADA1D2B831A}"
EndProject
Project("{FAE04EC0-301F-11D3-BF4B-00C04F79EFBC}") = "GeekShopping.CartAPI", "GeekShopping.CartAPI\GeekShopping.CartAPI.csproj", "{9355FA65-AE82-4759-8C86-8BA2482C9C16}"
EndProject
Project("{FAE04EC0-301F-11D3-BF4B-00C04F79EFBC}") = "GeekShopping.CouponAPI", "GeekShopping.CouponAPI\GeekShopping.CouponAPI.csproj", "{611A0386-5246-4D85-B8A6-E09F5FC93EFD}"
EndProject
Project("{2150E333-8FDC-42A3-9474-1A3956D46DE8}") = "Integration", "Integration", "{6DA3C1D8-A43A-42A2-AE9E-B4701FCC317B}"
EndProject
Project("{FAE04EC0-301F-11D3-BF4B-00C04F79EFBC}") = "GeekShopping.MessageBus", "GeekShopping.MessageBus\GeekShopping.MessageBus.csproj", "{AAEE1799-759E-403D-AB02-4C7121830C56}"
EndProject
Project("{FAE04EC0-301F-11D3-BF4B-00C04F79EFBC}") = "GeekShopping.OrderAPI", "GeekShopping.OrderAPI\GeekShopping.OrderAPI.csproj", "{00CF427F-BE32-4E94-B694-4652B0C0F75C}"
EndProject
Project("{2150E333-8FDC-42A3-9474-1A3956D46DE8}") = "Payments", "Payments", "{C226BF4A-84DF-4D48-A4C6-B6FFF92A5192}"
EndProject
Project("{FAE04EC0-301F-11D3-BF4B-00C04F79EFBC}") = "GeekShopping.PaymentProcessor", "GeekShopping.PaymentProcessor\GeekShopping.PaymentProcessor.csproj", "{76D5E634-2BD4-452B-ACEE-66A05F27B8E9}"
EndProject
Project("{FAE04EC0-301F-11D3-BF4B-00C04F79EFBC}") = "GeekShopping.PaymentAPI", "GeekShopping.PaymentAPI\GeekShopping.PaymentAPI.csproj", "{C14A7303-B526-4C57-9CF9-C4F77ADCFA02}"
EndProject
Project("{FAE04EC0-301F-11D3-BF4B-00C04F79EFBC}") = "GeekShopping.Email", "GeekShopping.Email\GeekShopping.Email.csproj", "{1315CC97-60CD-41A8-9F1A-E5D14F67176B}"
EndProject
Project("{2150E333-8FDC-42A3-9474-1A3956D46DE8}") = "Gateway", "Gateway", "{0B014012-56E2-47B5-8AA7-7C547D4C42A1}"
EndProject
Project("{FAE04EC0-301F-11D3-BF4B-00C04F79EFBC}") = "GeekShopping.APIGateway", "GeekShopping.APIGateway\GeekShopping.APIGateway.csproj", "{37019384-631A-4D0A-B985-0339F5CFE53E}"
EndProject
Global
	GlobalSection(SolutionConfigurationPlatforms) = preSolution
		Debug|Any CPU = Debug|Any CPU
		Release|Any CPU = Release|Any CPU
	EndGlobalSection
	GlobalSection(ProjectConfigurationPlatforms) = postSolution
		{D6204DCD-3A8B-4AE7-8A89-E8BB8B1B418C}.Debug|Any CPU.ActiveCfg = Debug|Any CPU
		{D6204DCD-3A8B-4AE7-8A89-E8BB8B1B418C}.Debug|Any CPU.Build.0 = Debug|Any CPU
		{D6204DCD-3A8B-4AE7-8A89-E8BB8B1B418C}.Release|Any CPU.ActiveCfg = Release|Any CPU
		{D6204DCD-3A8B-4AE7-8A89-E8BB8B1B418C}.Release|Any CPU.Build.0 = Release|Any CPU
		{002B5868-ADAE-4608-9380-C36F522ACDCA}.Debug|Any CPU.ActiveCfg = Debug|Any CPU
		{002B5868-ADAE-4608-9380-C36F522ACDCA}.Debug|Any CPU.Build.0 = Debug|Any CPU
		{002B5868-ADAE-4608-9380-C36F522ACDCA}.Release|Any CPU.ActiveCfg = Release|Any CPU
		{002B5868-ADAE-4608-9380-C36F522ACDCA}.Release|Any CPU.Build.0 = Release|Any CPU
		{C3F6FD2E-1E97-4311-AF63-CADA1D2B831A}.Debug|Any CPU.ActiveCfg = Debug|Any CPU
		{C3F6FD2E-1E97-4311-AF63-CADA1D2B831A}.Debug|Any CPU.Build.0 = Debug|Any CPU
		{C3F6FD2E-1E97-4311-AF63-CADA1D2B831A}.Release|Any CPU.ActiveCfg = Release|Any CPU
		{C3F6FD2E-1E97-4311-AF63-CADA1D2B831A}.Release|Any CPU.Build.0 = Release|Any CPU
		{9355FA65-AE82-4759-8C86-8BA2482C9C16}.Debug|Any CPU.ActiveCfg = Debug|Any CPU
		{9355FA65-AE82-4759-8C86-8BA2482C9C16}.Debug|Any CPU.Build.0 = Debug|Any CPU
		{9355FA65-AE82-4759-8C86-8BA2482C9C16}.Release|Any CPU.ActiveCfg = Release|Any CPU
		{9355FA65-AE82-4759-8C86-8BA2482C9C16}.Release|Any CPU.Build.0 = Release|Any CPU
		{611A0386-5246-4D85-B8A6-E09F5FC93EFD}.Debug|Any CPU.ActiveCfg = Debug|Any CPU
		{611A0386-5246-4D85-B8A6-E09F5FC93EFD}.Debug|Any CPU.Build.0 = Debug|Any CPU
		{611A0386-5246-4D85-B8A6-E09F5FC93EFD}.Release|Any CPU.ActiveCfg = Release|Any CPU
		{611A0386-5246-4D85-B8A6-E09F5FC93EFD}.Release|Any CPU.Build.0 = Release|Any CPU
		{AAEE1799-759E-403D-AB02-4C7121830C56}.Debug|Any CPU.ActiveCfg = Debug|Any CPU
		{AAEE1799-759E-403D-AB02-4C7121830C56}.Debug|Any CPU.Build.0 = Debug|Any CPU
		{AAEE1799-759E-403D-AB02-4C7121830C56}.Release|Any CPU.ActiveCfg = Release|Any CPU
		{AAEE1799-759E-403D-AB02-4C7121830C56}.Release|Any CPU.Build.0 = Release|Any CPU
		{00CF427F-BE32-4E94-B694-4652B0C0F75C}.Debug|Any CPU.ActiveCfg = Debug|Any CPU
		{00CF427F-BE32-4E94-B694-4652B0C0F75C}.Debug|Any CPU.Build.0 = Debug|Any CPU
		{00CF427F-BE32-4E94-B694-4652B0C0F75C}.Release|Any CPU.ActiveCfg = Release|Any CPU
		{00CF427F-BE32-4E94-B694-4652B0C0F75C}.Release|Any CPU.Build.0 = Release|Any CPU
		{76D5E634-2BD4-452B-ACEE-66A05F27B8E9}.Debug|Any CPU.ActiveCfg = Debug|Any CPU
		{76D5E634-2BD4-452B-ACEE-66A05F27B8E9}.Debug|Any CPU.Build.0 = Debug|Any CPU
		{76D5E634-2BD4-452B-ACEE-66A05F27B8E9}.Release|Any CPU.ActiveCfg = Release|Any CPU
		{76D5E634-2BD4-452B-ACEE-66A05F27B8E9}.Release|Any CPU.Build.0 = Release|Any CPU
		{C14A7303-B526-4C57-9CF9-C4F77ADCFA02}.Debug|Any CPU.ActiveCfg = Debug|Any CPU
		{C14A7303-B526-4C57-9CF9-C4F77ADCFA02}.Debug|Any CPU.Build.0 = Debug|Any CPU
		{C14A7303-B526-4C57-9CF9-C4F77ADCFA02}.Release|Any CPU.ActiveCfg = Release|Any CPU
		{C14A7303-B526-4C57-9CF9-C4F77ADCFA02}.Release|Any CPU.Build.0 = Release|Any CPU
		{1315CC97-60CD-41A8-9F1A-E5D14F67176B}.Debug|Any CPU.ActiveCfg = Debug|Any CPU
		{1315CC97-60CD-41A8-9F1A-E5D14F67176B}.Debug|Any CPU.Build.0 = Debug|Any CPU
		{1315CC97-60CD-41A8-9F1A-E5D14F67176B}.Release|Any CPU.ActiveCfg = Release|Any CPU
		{1315CC97-60CD-41A8-9F1A-E5D14F67176B}.Release|Any CPU.Build.0 = Release|Any CPU
		{37019384-631A-4D0A-B985-0339F5CFE53E}.Debug|Any CPU.ActiveCfg = Debug|Any CPU
		{37019384-631A-4D0A-B985-0339F5CFE53E}.Debug|Any CPU.Build.0 = Debug|Any CPU
		{37019384-631A-4D0A-B985-0339F5CFE53E}.Release|Any CPU.ActiveCfg = Release|Any CPU
		{37019384-631A-4D0A-B985-0339F5CFE53E}.Release|Any CPU.Build.0 = Release|Any CPU
	EndGlobalSection
	GlobalSection(SolutionProperties) = preSolution
		HideSolutionNode = FALSE
	EndGlobalSection
	GlobalSection(NestedProjects) = preSolution
		{D6204DCD-3A8B-4AE7-8A89-E8BB8B1B418C} = {02EA681E-C7D8-13C7-8484-4AC65E1B71E8}
		{002B5868-ADAE-4608-9380-C36F522ACDCA} = {43C22D6E-168C-4BEF-A27C-1AC1E556C4DC}
		{C3F6FD2E-1E97-4311-AF63-CADA1D2B831A} = {43C22D6E-168C-4BEF-A27C-1AC1E556C4DC}
		{9355FA65-AE82-4759-8C86-8BA2482C9C16} = {43C22D6E-168C-4BEF-A27C-1AC1E556C4DC}
		{611A0386-5246-4D85-B8A6-E09F5FC93EFD} = {43C22D6E-168C-4BEF-A27C-1AC1E556C4DC}
		{AAEE1799-759E-403D-AB02-4C7121830C56} = {6DA3C1D8-A43A-42A2-AE9E-B4701FCC317B}
		{00CF427F-BE32-4E94-B694-4652B0C0F75C} = {43C22D6E-168C-4BEF-A27C-1AC1E556C4DC}
		{76D5E634-2BD4-452B-ACEE-66A05F27B8E9} = {C226BF4A-84DF-4D48-A4C6-B6FFF92A5192}
		{C14A7303-B526-4C57-9CF9-C4F77ADCFA02} = {43C22D6E-168C-4BEF-A27C-1AC1E556C4DC}
		{1315CC97-60CD-41A8-9F1A-E5D14F67176B} = {43C22D6E-168C-4BEF-A27C-1AC1E556C4DC}
		{37019384-631A-4D0A-B985-0339F5CFE53E} = {0B014012-56E2-47B5-8AA7-7C547D4C42A1}
	EndGlobalSection
	GlobalSection(ExtensibilityGlobals) = postSolution
		SolutionGuid = {21F606FF-2DD5-481C-A05F-5BEDC8B54C48}
	EndGlobalSection
EndGlobal
